// !$*UTF8*$!
{
	archiveVersion = 1;
	classes = {
	};
	objectVersion = 50;
	objects = {

/* Begin PBXBuildFile section */
		B0BA8B9E2661457E00C18B44 /* AdcbWeb.h in Headers */ = {isa = PBXBuildFile; fileRef = B0BA8B9C2661457E00C18B44 /* AdcbWeb.h */; settings = {ATTRIBUTES = (Public, ); }; };
		B0BA8BA7266145AA00C18B44 /* AdcbStoryboard.storyboard in Resources */ = {isa = PBXBuildFile; fileRef = B0BA8BA6266145A900C18B44 /* AdcbStoryboard.storyboard */; };
		B0BA8BAF2661463300C18B44 /* AdcbWebViewController.swift in Sources */ = {isa = PBXBuildFile; fileRef = B0BA8BAE2661463300C18B44 /* AdcbWebViewController.swift */; };
		B0BA8BBC26614A6500C18B44 /* AdcbWebBaseHandler.swift in Sources */ = {isa = PBXBuildFile; fileRef = B0BA8BBB26614A6500C18B44 /* AdcbWebBaseHandler.swift */; };
		B0BA8BC226614D1A00C18B44 /* AdcbWebLauncher.swift in Sources */ = {isa = PBXBuildFile; fileRef = B0BA8BC126614D1A00C18B44 /* AdcbWebLauncher.swift */; };
		B0BA8BD02661538D00C18B44 /* UIViewController+TopMostViewController.swift in Sources */ = {isa = PBXBuildFile; fileRef = B0BA8BCF2661538D00C18B44 /* UIViewController+TopMostViewController.swift */; };
		B0F862EF26664DED00075057 /* JavaScriptMethods.swift in Sources */ = {isa = PBXBuildFile; fileRef = B0F862EE26664DED00075057 /* JavaScriptMethods.swift */; };
		B0F86662266797BB00075057 /* DSCallInfo.m in Sources */ = {isa = PBXBuildFile; fileRef = B0F86659266797BB00075057 /* DSCallInfo.m */; };
		B0F86663266797BB00075057 /* DWKWebView.m in Sources */ = {isa = PBXBuildFile; fileRef = B0F8665A266797BB00075057 /* DWKWebView.m */; };
		B0F86664266797BB00075057 /* InternalApis.m in Sources */ = {isa = PBXBuildFile; fileRef = B0F8665B266797BB00075057 /* InternalApis.m */; };
		B0F86669266797BB00075057 /* JSBUtil.m in Sources */ = {isa = PBXBuildFile; fileRef = B0F86660266797BB00075057 /* JSBUtil.m */; };
		B0F8667026679B9A00075057 /* DWKWebView.h in Headers */ = {isa = PBXBuildFile; fileRef = B0F8665D266797BB00075057 /* DWKWebView.h */; settings = {ATTRIBUTES = (Public, ); }; };
		B0F8667126679B9D00075057 /* InternalApis.h in Headers */ = {isa = PBXBuildFile; fileRef = B0F8665F266797BB00075057 /* InternalApis.h */; settings = {ATTRIBUTES = (Public, ); }; };
		B0F8667226679BA100075057 /* DSCallInfo.h in Headers */ = {isa = PBXBuildFile; fileRef = B0F8665C266797BB00075057 /* DSCallInfo.h */; settings = {ATTRIBUTES = (Public, ); }; };
		B0F8667326679BAB00075057 /* JSBUtil.h in Headers */ = {isa = PBXBuildFile; fileRef = B0F8665E266797BB00075057 /* JSBUtil.h */; settings = {ATTRIBUTES = (Public, ); }; };
/* End PBXBuildFile section */

/* Begin PBXCopyFilesBuildPhase section */
		B0F862FD2666557700075057 /* Embed Frameworks */ = {
			isa = PBXCopyFilesBuildPhase;
			buildActionMask = 2147483647;
			dstPath = "";
			dstSubfolderSpec = 10;
			files = (
			);
			name = "Embed Frameworks";
			runOnlyForDeploymentPostprocessing = 0;
		};
/* End PBXCopyFilesBuildPhase section */

/* Begin PBXFileReference section */
		B0BA8B992661457E00C18B44 /* AdcbWeb.framework */ = {isa = PBXFileReference; explicitFileType = wrapper.framework; includeInIndex = 0; path = AdcbWeb.framework; sourceTree = BUILT_PRODUCTS_DIR; };
		B0BA8B9C2661457E00C18B44 /* AdcbWeb.h */ = {isa = PBXFileReference; lastKnownFileType = sourcecode.c.h; path = AdcbWeb.h; sourceTree = "<group>"; };
		B0BA8B9D2661457E00C18B44 /* Info.plist */ = {isa = PBXFileReference; lastKnownFileType = text.plist.xml; path = Info.plist; sourceTree = "<group>"; };
		B0BA8BA6266145A900C18B44 /* AdcbStoryboard.storyboard */ = {isa = PBXFileReference; lastKnownFileType = file.storyboard; path = AdcbStoryboard.storyboard; sourceTree = "<group>"; };
		B0BA8BAE2661463300C18B44 /* AdcbWebViewController.swift */ = {isa = PBXFileReference; lastKnownFileType = sourcecode.swift; path = AdcbWebViewController.swift; sourceTree = "<group>"; };
		B0BA8BBB26614A6500C18B44 /* AdcbWebBaseHandler.swift */ = {isa = PBXFileReference; lastKnownFileType = sourcecode.swift; path = AdcbWebBaseHandler.swift; sourceTree = "<group>"; };
		B0BA8BC126614D1A00C18B44 /* AdcbWebLauncher.swift */ = {isa = PBXFileReference; lastKnownFileType = sourcecode.swift; path = AdcbWebLauncher.swift; sourceTree = "<group>"; };
		B0BA8BCF2661538D00C18B44 /* UIViewController+TopMostViewController.swift */ = {isa = PBXFileReference; fileEncoding = 4; lastKnownFileType = sourcecode.swift; path = "UIViewController+TopMostViewController.swift"; sourceTree = "<group>"; };
		B0F862EE26664DED00075057 /* JavaScriptMethods.swift */ = {isa = PBXFileReference; lastKnownFileType = sourcecode.swift; path = JavaScriptMethods.swift; sourceTree = "<group>"; };
		B0F86659266797BB00075057 /* DSCallInfo.m */ = {isa = PBXFileReference; fileEncoding = 4; lastKnownFileType = sourcecode.c.objc; path = DSCallInfo.m; sourceTree = "<group>"; };
		B0F8665A266797BB00075057 /* DWKWebView.m */ = {isa = PBXFileReference; fileEncoding = 4; lastKnownFileType = sourcecode.c.objc; path = DWKWebView.m; sourceTree = "<group>"; };
		B0F8665B266797BB00075057 /* InternalApis.m */ = {isa = PBXFileReference; fileEncoding = 4; lastKnownFileType = sourcecode.c.objc; path = InternalApis.m; sourceTree = "<group>"; };
		B0F8665C266797BB00075057 /* DSCallInfo.h */ = {isa = PBXFileReference; fileEncoding = 4; lastKnownFileType = sourcecode.c.h; path = DSCallInfo.h; sourceTree = "<group>"; };
		B0F8665D266797BB00075057 /* DWKWebView.h */ = {isa = PBXFileReference; fileEncoding = 4; lastKnownFileType = sourcecode.c.h; path = DWKWebView.h; sourceTree = "<group>"; };
		B0F8665E266797BB00075057 /* JSBUtil.h */ = {isa = PBXFileReference; fileEncoding = 4; lastKnownFileType = sourcecode.c.h; path = JSBUtil.h; sourceTree = "<group>"; };
		B0F8665F266797BB00075057 /* InternalApis.h */ = {isa = PBXFileReference; fileEncoding = 4; lastKnownFileType = sourcecode.c.h; path = InternalApis.h; sourceTree = "<group>"; };
		B0F86660266797BB00075057 /* JSBUtil.m */ = {isa = PBXFileReference; fileEncoding = 4; lastKnownFileType = sourcecode.c.objc; path = JSBUtil.m; sourceTree = "<group>"; };
/* End PBXFileReference section */

/* Begin PBXFrameworksBuildPhase section */
		B0BA8B962661457E00C18B44 /* Frameworks */ = {
			isa = PBXFrameworksBuildPhase;
			buildActionMask = 2147483647;
			files = (
			);
			runOnlyForDeploymentPostprocessing = 0;
		};
/* End PBXFrameworksBuildPhase section */

/* Begin PBXGroup section */
		B0BA8B8F2661457E00C18B44 = {
			isa = PBXGroup;
			children = (
				B0BA8B9B2661457E00C18B44 /* AdcbWeb */,
				B0BA8B9A2661457E00C18B44 /* Products */,
			);
			sourceTree = "<group>";
		};
		B0BA8B9A2661457E00C18B44 /* Products */ = {
			isa = PBXGroup;
			children = (
				B0BA8B992661457E00C18B44 /* AdcbWeb.framework */,
			);
			name = Products;
			sourceTree = "<group>";
		};
		B0BA8B9B2661457E00C18B44 /* AdcbWeb */ = {
			isa = PBXGroup;
			children = (
				B0F866532667978E00075057 /* dsBridge */,
				B0F862ED26664DC700075057 /* JavaScriptBridgingMethods */,
				B0BA8BCA2661532700C18B44 /* Extensions */,
				B0BA8B9C2661457E00C18B44 /* AdcbWeb.h */,
				B0BA8B9D2661457E00C18B44 /* Info.plist */,
				B0BA8BA6266145A900C18B44 /* AdcbStoryboard.storyboard */,
				B0BA8BAE2661463300C18B44 /* AdcbWebViewController.swift */,
				B0BA8BBB26614A6500C18B44 /* AdcbWebBaseHandler.swift */,
				B0BA8BC126614D1A00C18B44 /* AdcbWebLauncher.swift */,
			);
			path = AdcbWeb;
			sourceTree = "<group>";
		};
		B0BA8BCA2661532700C18B44 /* Extensions */ = {
			isa = PBXGroup;
			children = (
				B0BA8BCF2661538D00C18B44 /* UIViewController+TopMostViewController.swift */,
			);
			path = Extensions;
			sourceTree = "<group>";
		};
		B0F862ED26664DC700075057 /* JavaScriptBridgingMethods */ = {
			isa = PBXGroup;
			children = (
				B0F862EE26664DED00075057 /* JavaScriptMethods.swift */,
			);
			path = JavaScriptBridgingMethods;
			sourceTree = "<group>";
		};
		B0F866532667978E00075057 /* dsBridge */ = {
			isa = PBXGroup;
			children = (
				B0F8665C266797BB00075057 /* DSCallInfo.h */,
				B0F86659266797BB00075057 /* DSCallInfo.m */,
				B0F8665D266797BB00075057 /* DWKWebView.h */,
				B0F8665A266797BB00075057 /* DWKWebView.m */,
				B0F8665F266797BB00075057 /* InternalApis.h */,
				B0F8665B266797BB00075057 /* InternalApis.m */,
				B0F8665E266797BB00075057 /* JSBUtil.h */,
				B0F86660266797BB00075057 /* JSBUtil.m */,
			);
			path = dsBridge;
			sourceTree = "<group>";
		};
/* End PBXGroup section */

/* Begin PBXHeadersBuildPhase section */
		B0BA8B942661457E00C18B44 /* Headers */ = {
			isa = PBXHeadersBuildPhase;
			buildActionMask = 2147483647;
			files = (
				B0BA8B9E2661457E00C18B44 /* AdcbWeb.h in Headers */,
				B0F8667226679BA100075057 /* DSCallInfo.h in Headers */,
				B0F8667026679B9A00075057 /* DWKWebView.h in Headers */,
				B0F8667326679BAB00075057 /* JSBUtil.h in Headers */,
				B0F8667126679B9D00075057 /* InternalApis.h in Headers */,
			);
			runOnlyForDeploymentPostprocessing = 0;
		};
/* End PBXHeadersBuildPhase section */

/* Begin PBXNativeTarget section */
		B0BA8B982661457E00C18B44 /* AdcbWeb */ = {
			isa = PBXNativeTarget;
			buildConfigurationList = B0BA8BA12661457E00C18B44 /* Build configuration list for PBXNativeTarget "AdcbWeb" */;
			buildPhases = (
				B0BA8B942661457E00C18B44 /* Headers */,
				B0BA8B952661457E00C18B44 /* Sources */,
				B0BA8B962661457E00C18B44 /* Frameworks */,
				B0BA8B972661457E00C18B44 /* Resources */,
				B0F862FD2666557700075057 /* Embed Frameworks */,
			);
			buildRules = (
			);
			dependencies = (
			);
			name = AdcbWeb;
			productName = AdcbWeb;
			productReference = B0BA8B992661457E00C18B44 /* AdcbWeb.framework */;
			productType = "com.apple.product-type.framework";
		};
/* End PBXNativeTarget section */

/* Begin PBXProject section */
		B0BA8B902661457E00C18B44 /* Project object */ = {
			isa = PBXProject;
			attributes = {
				LastUpgradeCheck = 1240;
				TargetAttributes = {
					B0BA8B982661457E00C18B44 = {
						CreatedOnToolsVersion = 12.4;
						LastSwiftMigration = 1240;
					};
				};
			};
			buildConfigurationList = B0BA8B932661457E00C18B44 /* Build configuration list for PBXProject "AdcbWeb" */;
			compatibilityVersion = "Xcode 9.3";
			developmentRegion = en;
			hasScannedForEncodings = 0;
			knownRegions = (
				en,
				Base,
			);
			mainGroup = B0BA8B8F2661457E00C18B44;
			productRefGroup = B0BA8B9A2661457E00C18B44 /* Products */;
			projectDirPath = "";
			projectRoot = "";
			targets = (
				B0BA8B982661457E00C18B44 /* AdcbWeb */,
			);
		};
/* End PBXProject section */

/* Begin PBXResourcesBuildPhase section */
		B0BA8B972661457E00C18B44 /* Resources */ = {
			isa = PBXResourcesBuildPhase;
			buildActionMask = 2147483647;
			files = (
				B0BA8BA7266145AA00C18B44 /* AdcbStoryboard.storyboard in Resources */,
			);
			runOnlyForDeploymentPostprocessing = 0;
		};
/* End PBXResourcesBuildPhase section */

/* Begin PBXSourcesBuildPhase section */
		B0BA8B952661457E00C18B44 /* Sources */ = {
			isa = PBXSourcesBuildPhase;
			buildActionMask = 2147483647;
			files = (
				B0BA8BBC26614A6500C18B44 /* AdcbWebBaseHandler.swift in Sources */,
				B0F86669266797BB00075057 /* JSBUtil.m in Sources */,
				B0F86664266797BB00075057 /* InternalApis.m in Sources */,
				B0BA8BC226614D1A00C18B44 /* AdcbWebLauncher.swift in Sources */,
				B0F86662266797BB00075057 /* DSCallInfo.m in Sources */,
				B0BA8BAF2661463300C18B44 /* AdcbWebViewController.swift in Sources */,
				B0BA8BD02661538D00C18B44 /* UIViewController+TopMostViewController.swift in Sources */,
				B0F86663266797BB00075057 /* DWKWebView.m in Sources */,
				B0F862EF26664DED00075057 /* JavaScriptMethods.swift in Sources */,
			);
			runOnlyForDeploymentPostprocessing = 0;
		};
/* End PBXSourcesBuildPhase section */

/* Begin XCBuildConfiguration section */
		B0BA8B9F2661457E00C18B44 /* Debug */ = {
			isa = XCBuildConfiguration;
			buildSettings = {
				ALWAYS_SEARCH_USER_PATHS = NO;
				CLANG_ANALYZER_NONNULL = YES;
				CLANG_ANALYZER_NUMBER_OBJECT_CONVERSION = YES_AGGRESSIVE;
				CLANG_CXX_LANGUAGE_STANDARD = "gnu++14";
				CLANG_CXX_LIBRARY = "libc++";
				CLANG_ENABLE_MODULES = YES;
				CLANG_ENABLE_OBJC_ARC = YES;
				CLANG_ENABLE_OBJC_WEAK = YES;
				CLANG_WARN_BLOCK_CAPTURE_AUTORELEASING = YES;
				CLANG_WARN_BOOL_CONVERSION = YES;
				CLANG_WARN_COMMA = YES;
				CLANG_WARN_CONSTANT_CONVERSION = YES;
				CLANG_WARN_DEPRECATED_OBJC_IMPLEMENTATIONS = YES;
				CLANG_WARN_DIRECT_OBJC_ISA_USAGE = YES_ERROR;
				CLANG_WARN_DOCUMENTATION_COMMENTS = YES;
				CLANG_WARN_EMPTY_BODY = YES;
				CLANG_WARN_ENUM_CONVERSION = YES;
				CLANG_WARN_INFINITE_RECURSION = YES;
				CLANG_WARN_INT_CONVERSION = YES;
				CLANG_WARN_NON_LITERAL_NULL_CONVERSION = YES;
				CLANG_WARN_OBJC_IMPLICIT_RETAIN_SELF = YES;
				CLANG_WARN_OBJC_LITERAL_CONVERSION = YES;
				CLANG_WARN_OBJC_ROOT_CLASS = YES_ERROR;
				CLANG_WARN_QUOTED_INCLUDE_IN_FRAMEWORK_HEADER = YES;
				CLANG_WARN_RANGE_LOOP_ANALYSIS = YES;
				CLANG_WARN_STRICT_PROTOTYPES = YES;
				CLANG_WARN_SUSPICIOUS_MOVE = YES;
				CLANG_WARN_UNGUARDED_AVAILABILITY = YES_AGGRESSIVE;
				CLANG_WARN_UNREACHABLE_CODE = YES;
				CLANG_WARN__DUPLICATE_METHOD_MATCH = YES;
				COPY_PHASE_STRIP = NO;
				CURRENT_PROJECT_VERSION = 1;
				DEBUG_INFORMATION_FORMAT = dwarf;
				ENABLE_STRICT_OBJC_MSGSEND = YES;
				ENABLE_TESTABILITY = YES;
				GCC_C_LANGUAGE_STANDARD = gnu11;
				GCC_DYNAMIC_NO_PIC = NO;
				GCC_NO_COMMON_BLOCKS = YES;
				GCC_OPTIMIZATION_LEVEL = 0;
				GCC_PREPROCESSOR_DEFINITIONS = (
					"DEBUG=1",
					"$(inherited)",
				);
				GCC_WARN_64_TO_32_BIT_CONVERSION = YES;
				GCC_WARN_ABOUT_RETURN_TYPE = YES_ERROR;
				GCC_WARN_UNDECLARED_SELECTOR = YES;
				GCC_WARN_UNINITIALIZED_AUTOS = YES_AGGRESSIVE;
				GCC_WARN_UNUSED_FUNCTION = YES;
				GCC_WARN_UNUSED_VARIABLE = YES;
				IPHONEOS_DEPLOYMENT_TARGET = 10.0;
				MACH_O_TYPE = mh_dylib;
				MTL_ENABLE_DEBUG_INFO = INCLUDE_SOURCE;
				MTL_FAST_MATH = YES;
				ONLY_ACTIVE_ARCH = YES;
				SDKROOT = iphoneos;
				SWIFT_ACTIVE_COMPILATION_CONDITIONS = DEBUG;
				SWIFT_OPTIMIZATION_LEVEL = "-Onone";
				VERSIONING_SYSTEM = "apple-generic";
				VERSION_INFO_PREFIX = "";
			};
			name = Debug;
		};
		B0BA8BA02661457E00C18B44 /* Release */ = {
			isa = XCBuildConfiguration;
			buildSettings = {
				ALWAYS_SEARCH_USER_PATHS = NO;
				CLANG_ANALYZER_NONNULL = YES;
				CLANG_ANALYZER_NUMBER_OBJECT_CONVERSION = YES_AGGRESSIVE;
				CLANG_CXX_LANGUAGE_STANDARD = "gnu++14";
				CLANG_CXX_LIBRARY = "libc++";
				CLANG_ENABLE_MODULES = YES;
				CLANG_ENABLE_OBJC_ARC = YES;
				CLANG_ENABLE_OBJC_WEAK = YES;
				CLANG_WARN_BLOCK_CAPTURE_AUTORELEASING = YES;
				CLANG_WARN_BOOL_CONVERSION = YES;
				CLANG_WARN_COMMA = YES;
				CLANG_WARN_CONSTANT_CONVERSION = YES;
				CLANG_WARN_DEPRECATED_OBJC_IMPLEMENTATIONS = YES;
				CLANG_WARN_DIRECT_OBJC_ISA_USAGE = YES_ERROR;
				CLANG_WARN_DOCUMENTATION_COMMENTS = YES;
				CLANG_WARN_EMPTY_BODY = YES;
				CLANG_WARN_ENUM_CONVERSION = YES;
				CLANG_WARN_INFINITE_RECURSION = YES;
				CLANG_WARN_INT_CONVERSION = YES;
				CLANG_WARN_NON_LITERAL_NULL_CONVERSION = YES;
				CLANG_WARN_OBJC_IMPLICIT_RETAIN_SELF = YES;
				CLANG_WARN_OBJC_LITERAL_CONVERSION = YES;
				CLANG_WARN_OBJC_ROOT_CLASS = YES_ERROR;
				CLANG_WARN_QUOTED_INCLUDE_IN_FRAMEWORK_HEADER = YES;
				CLANG_WARN_RANGE_LOOP_ANALYSIS = YES;
				CLANG_WARN_STRICT_PROTOTYPES = YES;
				CLANG_WARN_SUSPICIOUS_MOVE = YES;
				CLANG_WARN_UNGUARDED_AVAILABILITY = YES_AGGRESSIVE;
				CLANG_WARN_UNREACHABLE_CODE = YES;
				CLANG_WARN__DUPLICATE_METHOD_MATCH = YES;
				COPY_PHASE_STRIP = NO;
				CURRENT_PROJECT_VERSION = 1;
				DEBUG_INFORMATION_FORMAT = "dwarf-with-dsym";
				ENABLE_NS_ASSERTIONS = NO;
				ENABLE_STRICT_OBJC_MSGSEND = YES;
				GCC_C_LANGUAGE_STANDARD = gnu11;
				GCC_NO_COMMON_BLOCKS = YES;
				GCC_WARN_64_TO_32_BIT_CONVERSION = YES;
				GCC_WARN_ABOUT_RETURN_TYPE = YES_ERROR;
				GCC_WARN_UNDECLARED_SELECTOR = YES;
				GCC_WARN_UNINITIALIZED_AUTOS = YES_AGGRESSIVE;
				GCC_WARN_UNUSED_FUNCTION = YES;
				GCC_WARN_UNUSED_VARIABLE = YES;
				IPHONEOS_DEPLOYMENT_TARGET = 10.0;
				MACH_O_TYPE = mh_dylib;
				MTL_ENABLE_DEBUG_INFO = NO;
				MTL_FAST_MATH = YES;
				SDKROOT = iphoneos;
				SWIFT_COMPILATION_MODE = wholemodule;
				SWIFT_OPTIMIZATION_LEVEL = "-O";
				VALIDATE_PRODUCT = YES;
				VERSIONING_SYSTEM = "apple-generic";
				VERSION_INFO_PREFIX = "";
			};
			name = Release;
		};
		B0BA8BA22661457E00C18B44 /* Debug */ = {
			isa = XCBuildConfiguration;
			buildSettings = {
				CLANG_ENABLE_MODULES = YES;
				CODE_SIGN_STYLE = Automatic;
				DEFINES_MODULE = YES;
				DEVELOPMENT_TEAM = Z65RY352B5;
				DYLIB_COMPATIBILITY_VERSION = 1;
				DYLIB_CURRENT_VERSION = 1;
				DYLIB_INSTALL_NAME_BASE = "@rpath";
				FRAMEWORK_SEARCH_PATHS = (
					"$(inherited)",
					"$(PROJECT_DIR)",
				);
				INFOPLIST_FILE = AdcbWeb/Info.plist;
				INSTALL_PATH = "$(LOCAL_LIBRARY_DIR)/Frameworks";
				LD_RUNPATH_SEARCH_PATHS = (
					"$(inherited)",
					"@executable_path/Frameworks",
					"@loader_path/Frameworks",
				);
				PRODUCT_BUNDLE_IDENTIFIER = com.AdcbWeb;
				PRODUCT_NAME = "$(TARGET_NAME:c99extidentifier)";
				SKIP_INSTALL = YES;
				SWIFT_OPTIMIZATION_LEVEL = "-Onone";
				SWIFT_VERSION = 5.0;
				TARGETED_DEVICE_FAMILY = "1,2";
			};
			name = Debug;
		};
		B0BA8BA32661457E00C18B44 /* Release */ = {
			isa = XCBuildConfiguration;
			buildSettings = {
				CLANG_ENABLE_MODULES = YES;
				CODE_SIGN_STYLE = Automatic;
				DEFINES_MODULE = YES;
				DEVELOPMENT_TEAM = Z65RY352B5;
				DYLIB_COMPATIBILITY_VERSION = 1;
				DYLIB_CURRENT_VERSION = 1;
				DYLIB_INSTALL_NAME_BASE = "@rpath";
				FRAMEWORK_SEARCH_PATHS = (
					"$(inherited)",
					"$(PROJECT_DIR)",
				);
				INFOPLIST_FILE = AdcbWeb/Info.plist;
				INSTALL_PATH = "$(LOCAL_LIBRARY_DIR)/Frameworks";
				LD_RUNPATH_SEARCH_PATHS = (
					"$(inherited)",
					"@executable_path/Frameworks",
					"@loader_path/Frameworks",
				);
				PRODUCT_BUNDLE_IDENTIFIER = com.AdcbWeb;
				PRODUCT_NAME = "$(TARGET_NAME:c99extidentifier)";
				SKIP_INSTALL = YES;
				SWIFT_VERSION = 5.0;
				TARGETED_DEVICE_FAMILY = "1,2";
			};
			name = Release;
		};
/* End XCBuildConfiguration section */

/* Begin XCConfigurationList section */
		B0BA8B932661457E00C18B44 /* Build configuration list for PBXProject "AdcbWeb" */ = {
			isa = XCConfigurationList;
			buildConfigurations = (
				B0BA8B9F2661457E00C18B44 /* Debug */,
				B0BA8BA02661457E00C18B44 /* Release */,
			);
			defaultConfigurationIsVisible = 0;
			defaultConfigurationName = Release;
		};
		B0BA8BA12661457E00C18B44 /* Build configuration list for PBXNativeTarget "AdcbWeb" */ = {
			isa = XCConfigurationList;
			buildConfigurations = (
				B0BA8BA22661457E00C18B44 /* Debug */,
				B0BA8BA32661457E00C18B44 /* Release */,
			);
			defaultConfigurationIsVisible = 0;
			defaultConfigurationName = Release;
		};
/* End XCConfigurationList section */
	};
	rootObject = B0BA8B902661457E00C18B44 /* Project object */;
}
